dependencies:
- name: postgresql
  repository: https://raw.githubusercontent.com/bitnami/charts/archive-full-index/bitnami
  version: 12.2.8
- name: minio
  repository: https://raw.githubusercontent.com/bitnami/charts/archive-full-index/bitnami
  version: 12.6.12
digest: sha256:be9786618d9f8df2be1b42b6a628b22af6bf79951f8106e7d862562ad67501e7
generated: "2025-10-14T17:02:30.776611-05:00"
